<?xml version="1.0" encoding="utf-8"?>
<Project ToolsVersion="4.0" xmlns="http://schemas.microsoft.com/developer/msbuild/2003">
  <ItemGroup>
    <Filter Include="Header Files">
      <UniqueIdentifier>{93995380-89BD-4b04-88EB-625FBE52EBFB}</UniqueIdentifier>
      <Extensions>h;hpp;hxx;hm;inl;inc;xsd</Extensions>
    </Filter>
    <Filter Include="Resource Files">
      <UniqueIdentifier>{67DA6AB6-F800-4c08-8B7A-83BB121AAD01}</UniqueIdentifier>
      <Extensions>rc;ico;cur;bmp;dlg;rc2;rct;bin;rgs;gif;jpg;jpeg;jpe;resx</Extensions>
    </Filter>
    <Filter Include="Source Files">
      <UniqueIdentifier>{4FC737F1-C7A5-4376-A066-2A32D752A2FF}</UniqueIdentifier>
      <Extensions>cpp;c;cc;cxx;def;odl;idl;hpj;bat;asm;asmx</Extensions>
    </Filter>
  </ItemGroup>
  <ItemGroup>
    <ClCompile Include="Threads.cpp">
      <Filter>Source Files</Filter>
    </ClCompile>
    <ClCompile Include="Travel.cpp">
      <Filter>Source Files</Filter>
    </ClCompile>
    <ClCompile Include="Unit.cpp">
      <Filter>Source Files</Filter>
    </ClCompile>
    <ClCompile Include="Vectors.cpp">
      <Filter>Source Files</Filter>
    </ClCompile>
    <ClCompile Include="Winamp.cpp">
      <Filter>Source Files</Filter>
    </ClCompile>
    <ClCompile Include="AI Common.cpp">
      <Filter>Source Files</Filter>
    </ClCompile>
    <ClCompile Include="AI Move.cpp">
      <Filter>Source Files</Filter>
    </ClCompile>
    <ClCompile Include="Aim.cpp">
      <Filter>Source Files</Filter>
    </ClCompile>
    <ClCompile Include="Common Math.cpp">
      <Filter>Source Files</Filter>
    </ClCompile>
    <ClCompile Include="Configuration.cpp">
      <Filter>Source Files</Filter>
    </ClCompile>
    <ClCompile Include="Copy and Paste.cpp">
      <Filter>Source Files</Filter>
    </ClCompile>
    <ClCompile Include="D2 Stdio.cpp">
      <Filter>Source Files</Filter>
    </ClCompile>
    <ClCompile Include="D2 Stubs.cpp">
      <Filter>Source Files</Filter>
    </ClCompile>
    <ClCompile Include="Design.cpp">
      <Filter>Source Files</Filter>
    </ClCompile>
    <ClCompile Include="Enchant.cpp">
      <Filter>Source Files</Filter>
    </ClCompile>
    <ClCompile Include="Escape.cpp">
      <Filter>Source Files</Filter>
    </ClCompile>
    <ClCompile Include="Game Filter.cpp">
      <Filter>Source Files</Filter>
    </ClCompile>
    <ClCompile Include="Godmode.cpp">
      <Filter>Source Files</Filter>
    </ClCompile>
    <ClCompile Include="Hack.cpp">
      <Filter>Source Files</Filter>
    </ClCompile>
    <ClCompile Include="Handlers.cpp">
      <Filter>Source Files</Filter>
    </ClCompile>
    <ClCompile Include="Helpers.cpp">
      <Filter>Source Files</Filter>
    </ClCompile>
    <ClCompile Include="HF2 CDKey.cpp">
      <Filter>Source Files</Filter>
    </ClCompile>
    <ClCompile Include="HF2 Data.cpp">
      <Filter>Source Files</Filter>
    </ClCompile>
    <ClCompile Include="HF2 Draw.cpp">
      <Filter>Source Files</Filter>
    </ClCompile>
    <ClCompile Include="HF2 ExtLevels.cpp">
      <Filter>Source Files</Filter>
    </ClCompile>
    <ClCompile Include="HF2 Handlers.cpp">
      <Filter>Source Files</Filter>
    </ClCompile>
    <ClCompile Include="HF2 Helpers.cpp">
      <Filter>Source Files</Filter>
    </ClCompile>
    <ClCompile Include="HF2 Info.cpp">
      <Filter>Source Files</Filter>
    </ClCompile>
    <ClCompile Include="HF2 KeyItems.cpp">
      <Filter>Source Files</Filter>
    </ClCompile>
    <ClCompile Include="HF2 Quest.cpp">
      <Filter>Source Files</Filter>
    </ClCompile>
    <ClCompile Include="Item.cpp">
      <Filter>Source Files</Filter>
    </ClCompile>
    <ClCompile Include="Message.cpp">
      <Filter>Source Files</Filter>
    </ClCompile>
    <ClCompile Include="Miscellaneous.cpp">
      <Filter>Source Files</Filter>
    </ClCompile>
    <ClCompile Include="Offset.cpp">
      <Filter>Source Files</Filter>
    </ClCompile>
    <ClCompile Include="Packet Received.cpp">
      <Filter>Source Files</Filter>
    </ClCompile>
    <ClCompile Include="Packet Sent.cpp">
      <Filter>Source Files</Filter>
    </ClCompile>
    <ClCompile Include="Patch Stubs.cpp">
      <Filter>Source Files</Filter>
    </ClCompile>
    <ClCompile Include="Potion.cpp">
      <Filter>Source Files</Filter>
    </ClCompile>
    <ClCompile Include="Reveal.cpp">
      <Filter>Source Files</Filter>
    </ClCompile>
    <ClCompile Include="Rogue.cpp">
      <Filter>Source Files</Filter>
    </ClCompile>
    <ClCompile Include="Skill.cpp">
      <Filter>Source Files</Filter>
    </ClCompile>
    <ClCompile Include="Speed.cpp">
      <Filter>Source Files</Filter>
    </ClCompile>
    <ClCompile Include="String Hash.cpp">
      <Filter>Source Files</Filter>
    </ClCompile>
    <ClCompile Include="Teleport.cpp">
      <Filter>Source Files</Filter>
    </ClCompile>
    <ClCompile Include="HF2 Ladder.cpp">
      <Filter>Source Files</Filter>
    </ClCompile>
    <ClCompile Include="HF2 Xinput.cpp">
      <Filter>Source Files</Filter>
    </ClCompile>
  </ItemGroup>
  <ItemGroup>
    <ClInclude Include="AI Common.h">
      <Filter>Header Files</Filter>
    </ClInclude>
    <ClInclude Include="AI Move.h">
      <Filter>Header Files</Filter>
    </ClInclude>
    <ClInclude Include="Aim.h">
      <Filter>Header Files</Filter>
    </ClInclude>
    <ClInclude Include="Array Ex.h">
      <Filter>Header Files</Filter>
    </ClInclude>
    <ClInclude Include="Common Math.h">
      <Filter>Header Files</Filter>
    </ClInclude>
    <ClInclude Include="Configuration.h">
      <Filter>Header Files</Filter>
    </ClInclude>
    <ClInclude Include="Constants.h">
      <Filter>Header Files</Filter>
    </ClInclude>
    <ClInclude Include="Copy and Paste.h">
      <Filter>Header Files</Filter>
    </ClInclude>
    <ClInclude Include="D2 Pointers.h">
      <Filter>Header Files</Filter>
    </ClInclude>
    <ClInclude Include="D2 Stdio.h">
      <Filter>Header Files</Filter>
    </ClInclude>
    <ClInclude Include="D2 Structs.h">
      <Filter>Header Files</Filter>
    </ClInclude>
    <ClInclude Include="D2 Stubs.h">
      <Filter>Header Files</Filter>
    </ClInclude>
    <ClInclude Include="Design.h">
      <Filter>Header Files</Filter>
    </ClInclude>
    <ClInclude Include="Enchant.h">
      <Filter>Header Files</Filter>
    </ClInclude>
    <ClInclude Include="Escape.h">
      <Filter>Header Files</Filter>
    </ClInclude>
    <ClInclude Include="External Settings.h">
      <Filter>Header Files</Filter>
    </ClInclude>
    <ClInclude Include="Game Filter.h">
      <Filter>Header Files</Filter>
    </ClInclude>
    <ClInclude Include="Godmode.h">
      <Filter>Header Files</Filter>
    </ClInclude>
    <ClInclude Include="Hack.h">
      <Filter>Header Files</Filter>
    </ClInclude>
    <ClInclude Include="Handlers.h">
      <Filter>Header Files</Filter>
    </ClInclude>
    <ClInclude Include="Helpers.h">
      <Filter>Header Files</Filter>
    </ClInclude>
    <ClInclude Include="HF2 CDKey.h">
      <Filter>Header Files</Filter>
    </ClInclude>
    <ClInclude Include="HF2 Data.h">
      <Filter>Header Files</Filter>
    </ClInclude>
    <ClInclude Include="HF2 Data Tables.h">
      <Filter>Header Files</Filter>
    </ClInclude>
    <ClInclude Include="HF2 Draw.h">
      <Filter>Header Files</Filter>
    </ClInclude>
    <ClInclude Include="HF2 ExtLevels.h">
      <Filter>Header Files</Filter>
    </ClInclude>
    <ClInclude Include="HF2 Handlers.h">
      <Filter>Header Files</Filter>
    </ClInclude>
    <ClInclude Include="HF2 Helpers.h">
      <Filter>Header Files</Filter>
    </ClInclude>
    <ClInclude Include="HF2 Info.h">
      <Filter>Header Files</Filter>
    </ClInclude>
    <ClInclude Include="HF2 KeyItems.h">
      <Filter>Header Files</Filter>
    </ClInclude>
    <ClInclude Include="HF2 Quest.h">
      <Filter>Header Files</Filter>
    </ClInclude>
    <ClInclude Include="HF2 Structs.h">
      <Filter>Header Files</Filter>
    </ClInclude>
    <ClInclude Include="Item.h">
      <Filter>Header Files</Filter>
    </ClInclude>
    <ClInclude Include="Matrix.h">
      <Filter>Header Files</Filter>
    </ClInclude>
    <ClInclude Include="Message.h">
      <Filter>Header Files</Filter>
    </ClInclude>
    <ClInclude Include="Miscellaneous.h">
      <Filter>Header Files</Filter>
    </ClInclude>
    <ClInclude Include="Offset.h">
      <Filter>Header Files</Filter>
    </ClInclude>
    <ClInclude Include="Packet Received.h">
      <Filter>Header Files</Filter>
    </ClInclude>
    <ClInclude Include="Packet Sent.h">
      <Filter>Header Files</Filter>
    </ClInclude>
    <ClInclude Include="Patch.h">
      <Filter>Header Files</Filter>
    </ClInclude>
    <ClInclude Include="Patch Stubs.h">
      <Filter>Header Files</Filter>
    </ClInclude>
    <ClInclude Include="Potion.h">
      <Filter>Header Files</Filter>
    </ClInclude>
    <ClInclude Include="Reveal.h">
      <Filter>Header Files</Filter>
    </ClInclude>
    <ClInclude Include="Rogue.h">
      <Filter>Header Files</Filter>
    </ClInclude>
    <ClInclude Include="Settings.h">
      <Filter>Header Files</Filter>
    </ClInclude>
    <ClInclude Include="Skill.h">
      <Filter>Header Files</Filter>
    </ClInclude>
    <ClInclude Include="Speed.h">
      <Filter>Header Files</Filter>
    </ClInclude>
    <ClInclude Include="String Hash.h">
      <Filter>Header Files</Filter>
    </ClInclude>
    <ClInclude Include="SyncObj.h">
      <Filter>Header Files</Filter>
    </ClInclude>
    <ClInclude Include="Teleport.h">
      <Filter>Header Files</Filter>
    </ClInclude>
    <ClInclude Include="Threads.h">
      <Filter>Header Files</Filter>
    </ClInclude>
    <ClInclude Include="Travel.h">
      <Filter>Header Files</Filter>
    </ClInclude>
    <ClInclude Include="Unit.h">
      <Filter>Header Files</Filter>
    </ClInclude>
    <ClInclude Include="Vars.h">
      <Filter>Header Files</Filter>
    </ClInclude>
    <ClInclude Include="Vectors.h">
      <Filter>Header Files</Filter>
    </ClInclude>
    <ClInclude Include="Winamp.h">
      <Filter>Header Files</Filter>
    </ClInclude>
    <ClInclude Include="HF2 Ladder.h">
      <Filter>Header Files</Filter>
    </ClInclude>
    <ClInclude Include="HF2 Xinput.h">
      <Filter>Header Files</Filter>
    </ClInclude>
  </ItemGroup>
</Project>